// !$*UTF8*$!
{
	archiveVersion = 1;
	classes = {
	};
	objectVersion = 46;
	objects = {

/* Begin PBXBuildFile section */
		2D49AF471E8D9318001AAF13 /* Palette.mm in Sources */ = {isa = PBXBuildFile; fileRef = 2D49AF461E8D9318001AAF13 /* Palette.mm */; };
		2DE9F7251E8C26AA007FB644 /* main.m in Sources */ = {isa = PBXBuildFile; fileRef = 2DE9F7241E8C26AA007FB644 /* main.m */; };
		2DE9F7281E8C26AA007FB644 /* AppDelegate.m in Sources */ = {isa = PBXBuildFile; fileRef = 2DE9F7271E8C26AA007FB644 /* AppDelegate.m */; };
		2DE9F72B1E8C26AB007FB644 /* ViewController.mm in Sources */ = {isa = PBXBuildFile; fileRef = 2DE9F72A1E8C26AB007FB644 /* ViewController.mm */; };
		2DE9F72E1E8C26AB007FB644 /* Main.storyboard in Resources */ = {isa = PBXBuildFile; fileRef = 2DE9F72C1E8C26AB007FB644 /* Main.storyboard */; };
		2DE9F7301E8C26AB007FB644 /* Assets.xcassets in Resources */ = {isa = PBXBuildFile; fileRef = 2DE9F72F1E8C26AB007FB644 /* Assets.xcassets */; };
		2DE9F7331E8C26AB007FB644 /* LaunchScreen.storyboard in Resources */ = {isa = PBXBuildFile; fileRef = 2DE9F7311E8C26AB007FB644 /* LaunchScreen.storyboard */; };
		2DE9F73C1E8C2994007FB644 /* UIImage+Opencv.mm in Sources */ = {isa = PBXBuildFile; fileRef = 2DE9F73B1E8C2994007FB644 /* UIImage+Opencv.mm */; };
		61B4BED82F50BC805EB75DF9 /* libPods-Practice3.a in Frameworks */ = {isa = PBXBuildFile; fileRef = 92ACC27417B99763E690E418 /* libPods-Practice3.a */; };
/* End PBXBuildFile section */

/* Begin PBXFileReference section */
		2D49AF451E8D9318001AAF13 /* Palette.h */ = {isa = PBXFileReference; fileEncoding = 4; lastKnownFileType = sourcecode.c.h; path = Palette.h; sourceTree = "<group>"; };
		2D49AF461E8D9318001AAF13 /* Palette.mm */ = {isa = PBXFileReference; fileEncoding = 4; lastKnownFileType = sourcecode.cpp.objcpp; path = Palette.mm; sourceTree = "<group>"; };
		2DE9F7201E8C26AA007FB644 /* Practice3.app */ = {isa = PBXFileReference; explicitFileType = wrapper.application; includeInIndex = 0; path = Practice3.app; sourceTree = BUILT_PRODUCTS_DIR; };
		2DE9F7241E8C26AA007FB644 /* main.m */ = {isa = PBXFileReference; lastKnownFileType = sourcecode.c.objc; path = main.m; sourceTree = "<group>"; };
		2DE9F7261E8C26AA007FB644 /* AppDelegate.h */ = {isa = PBXFileReference; lastKnownFileType = sourcecode.c.h; path = AppDelegate.h; sourceTree = "<group>"; };
		2DE9F7271E8C26AA007FB644 /* AppDelegate.m */ = {isa = PBXFileReference; lastKnownFileType = sourcecode.c.objc; path = AppDelegate.m; sourceTree = "<group>"; };
		2DE9F7291E8C26AB007FB644 /* ViewController.h */ = {isa = PBXFileReference; lastKnownFileType = sourcecode.c.h; path = ViewController.h; sourceTree = "<group>"; };
		2DE9F72A1E8C26AB007FB644 /* ViewController.mm */ = {isa = PBXFileReference; lastKnownFileType = sourcecode.cpp.objcpp; path = ViewController.mm; sourceTree = "<group>"; };
		2DE9F72D1E8C26AB007FB644 /* Base */ = {isa = PBXFileReference; lastKnownFileType = file.storyboard; name = Base; path = Base.lproj/Main.storyboard; sourceTree = "<group>"; };
		2DE9F72F1E8C26AB007FB644 /* Assets.xcassets */ = {isa = PBXFileReference; lastKnownFileType = folder.assetcatalog; path = Assets.xcassets; sourceTree = "<group>"; };
		2DE9F7321E8C26AB007FB644 /* Base */ = {isa = PBXFileReference; lastKnownFileType = file.storyboard; name = Base; path = Base.lproj/LaunchScreen.storyboard; sourceTree = "<group>"; };
		2DE9F7341E8C26AB007FB644 /* Info.plist */ = {isa = PBXFileReference; lastKnownFileType = text.plist.xml; path = Info.plist; sourceTree = "<group>"; };
		2DE9F73A1E8C2994007FB644 /* UIImage+Opencv.h */ = {isa = PBXFileReference; fileEncoding = 4; lastKnownFileType = sourcecode.c.h; path = "UIImage+Opencv.h"; sourceTree = "<group>"; };
		2DE9F73B1E8C2994007FB644 /* UIImage+Opencv.mm */ = {isa = PBXFileReference; fileEncoding = 4; lastKnownFileType = sourcecode.cpp.objcpp; path = "UIImage+Opencv.mm"; sourceTree = "<group>"; };
		836A65EF6ABBA7ED0F1BCDF8 /* Pods-Practice3.release.xcconfig */ = {isa = PBXFileReference; includeInIndex = 1; lastKnownFileType = text.xcconfig; name = "Pods-Practice3.release.xcconfig"; path = "Pods/Target Support Files/Pods-Practice3/Pods-Practice3.release.xcconfig"; sourceTree = "<group>"; };
		92ACC27417B99763E690E418 /* libPods-Practice3.a */ = {isa = PBXFileReference; explicitFileType = archive.ar; includeInIndex = 0; path = "libPods-Practice3.a"; sourceTree = BUILT_PRODUCTS_DIR; };
		A8E5E79D12AADA44A26D5E5F /* Pods-Practice3.debug.xcconfig */ = {isa = PBXFileReference; includeInIndex = 1; lastKnownFileType = text.xcconfig; name = "Pods-Practice3.debug.xcconfig"; path = "Pods/Target Support Files/Pods-Practice3/Pods-Practice3.debug.xcconfig"; sourceTree = "<group>"; };
/* End PBXFileReference section */

/* Begin PBXFrameworksBuildPhase section */
		2DE9F71D1E8C26AA007FB644 /* Frameworks */ = {
			isa = PBXFrameworksBuildPhase;
			buildActionMask = 2147483647;
			files = (
				61B4BED82F50BC805EB75DF9 /* libPods-Practice3.a in Frameworks */,
			);
			runOnlyForDeploymentPostprocessing = 0;
		};
/* End PBXFrameworksBuildPhase section */

/* Begin PBXGroup section */
		2DE9F7171E8C26A9007FB644 = {
			isa = PBXGroup;
			children = (
				2DE9F7221E8C26AA007FB644 /* Practice3 */,
				2DE9F7211E8C26AA007FB644 /* Products */,
				8EB7A6890448795E1674AE69 /* Pods */,
				646A70D252734DF8B6C8C680 /* Frameworks */,
			);
			sourceTree = "<group>";
		};
		2DE9F7211E8C26AA007FB644 /* Products */ = {
			isa = PBXGroup;
			children = (
				2DE9F7201E8C26AA007FB644 /* Practice3.app */,
			);
			name = Products;
			sourceTree = "<group>";
		};
		2DE9F7221E8C26AA007FB644 /* Practice3 */ = {
			isa = PBXGroup;
			children = (
				2DE9F7291E8C26AB007FB644 /* ViewController.h */,
				2DE9F72A1E8C26AB007FB644 /* ViewController.mm */,
				2D49AF451E8D9318001AAF13 /* Palette.h */,
				2D49AF461E8D9318001AAF13 /* Palette.mm */,
				2DE9F72C1E8C26AB007FB644 /* Main.storyboard */,
				2DE9F72F1E8C26AB007FB644 /* Assets.xcassets */,
				2DE9F7311E8C26AB007FB644 /* LaunchScreen.storyboard */,
				2DE9F7341E8C26AB007FB644 /* Info.plist */,
				2DE9F7231E8C26AA007FB644 /* Supporting Files */,
			);
			path = Practice3;
			sourceTree = "<group>";
		};
		2DE9F7231E8C26AA007FB644 /* Supporting Files */ = {
			isa = PBXGroup;
			children = (
				2DE9F73A1E8C2994007FB644 /* UIImage+Opencv.h */,
				2DE9F73B1E8C2994007FB644 /* UIImage+Opencv.mm */,
				2DE9F7261E8C26AA007FB644 /* AppDelegate.h */,
				2DE9F7271E8C26AA007FB644 /* AppDelegate.m */,
				2DE9F7241E8C26AA007FB644 /* main.m */,
			);
			name = "Supporting Files";
			sourceTree = "<group>";
		};
		646A70D252734DF8B6C8C680 /* Frameworks */ = {
			isa = PBXGroup;
			children = (
				92ACC27417B99763E690E418 /* libPods-Practice3.a */,
			);
			name = Frameworks;
			sourceTree = "<group>";
		};
		8EB7A6890448795E1674AE69 /* Pods */ = {
			isa = PBXGroup;
			children = (
				A8E5E79D12AADA44A26D5E5F /* Pods-Practice3.debug.xcconfig */,
				836A65EF6ABBA7ED0F1BCDF8 /* Pods-Practice3.release.xcconfig */,
			);
			name = Pods;
			sourceTree = "<group>";
		};
/* End PBXGroup section */

/* Begin PBXNativeTarget section */
		2DE9F71F1E8C26AA007FB644 /* Practice3 */ = {
			isa = PBXNativeTarget;
			buildConfigurationList = 2DE9F7371E8C26AB007FB644 /* Build configuration list for PBXNativeTarget "Practice3" */;
			buildPhases = (
				0A692C89D6C633A095A33A7B /* [CP] Check Pods Manifest.lock */,
				2DE9F71C1E8C26AA007FB644 /* Sources */,
				2DE9F71D1E8C26AA007FB644 /* Frameworks */,
				2DE9F71E1E8C26AA007FB644 /* Resources */,
				7D9632729D0FCD9901173168 /* [CP] Embed Pods Frameworks */,
				D056B2A938518CDEDC32972D /* [CP] Copy Pods Resources */,
			);
			buildRules = (
			);
			dependencies = (
			);
			name = Practice3;
			productName = Practice3;
			productReference = 2DE9F7201E8C26AA007FB644 /* Practice3.app */;
			productType = "com.apple.product-type.application";
		};
/* End PBXNativeTarget section */

/* Begin PBXProject section */
		2DE9F7181E8C26A9007FB644 /* Project object */ = {
			isa = PBXProject;
			attributes = {
				LastUpgradeCheck = 0820;
				ORGANIZATIONNAME = MCUCSIE;
				TargetAttributes = {
					2DE9F71F1E8C26AA007FB644 = {
						CreatedOnToolsVersion = 8.2.1;
						DevelopmentTeam = UCXGL3HMZX;
						ProvisioningStyle = Automatic;
					};
				};
			};
			buildConfigurationList = 2DE9F71B1E8C26A9007FB644 /* Build configuration list for PBXProject "Practice3" */;
			compatibilityVersion = "Xcode 3.2";
			developmentRegion = English;
			hasScannedForEncodings = 0;
			knownRegions = (
				en,
				Base,
			);
			mainGroup = 2DE9F7171E8C26A9007FB644;
			productRefGroup = 2DE9F7211E8C26AA007FB644 /* Products */;
			projectDirPath = "";
			projectRoot = "";
			targets = (
				2DE9F71F1E8C26AA007FB644 /* Practice3 */,
			);
		};
/* End PBXProject section */

/* Begin PBXResourcesBuildPhase section */
		2DE9F71E1E8C26AA007FB644 /* Resources */ = {
			isa = PBXResourcesBuildPhase;
			buildActionMask = 2147483647;
			files = (
				2DE9F7331E8C26AB007FB644 /* LaunchScreen.storyboard in Resources */,
				2DE9F7301E8C26AB007FB644 /* Assets.xcassets in Resources */,
				2DE9F72E1E8C26AB007FB644 /* Main.storyboard in Resources */,
			);
			runOnlyForDeploymentPostprocessing = 0;
		};
/* End PBXResourcesBuildPhase section */

/* Begin PBXShellScriptBuildPhase section */
		0A692C89D6C633A095A33A7B /* [CP] Check Pods Manifest.lock */ = {
			isa = PBXShellScriptBuildPhase;
			buildActionMask = 2147483647;
			files = (
			);
			inputPaths = (
			);
			name = "[CP] Check Pods Manifest.lock";
			outputPaths = (
			);
			runOnlyForDeploymentPostprocessing = 0;
			shellPath = /bin/sh;
			shellScript = "diff \"${PODS_ROOT}/../Podfile.lock\" \"${PODS_ROOT}/Manifest.lock\" > /dev/null\nif [ $? != 0 ] ; then\n    # print error to STDERR\n    echo \"error: The sandbox is not in sync with the Podfile.lock. Run 'pod install' or update your CocoaPods installation.\" >&2\n    exit 1\nfi\n";
			showEnvVarsInLog = 0;
		};
		7D9632729D0FCD9901173168 /* [CP] Embed Pods Frameworks */ = {
			isa = PBXShellScriptBuildPhase;
			buildActionMask = 2147483647;
			files = (
			);
			inputPaths = (
			);
			name = "[CP] Embed Pods Frameworks";
			outputPaths = (
			);
			runOnlyForDeploymentPostprocessing = 0;
			shellPath = /bin/sh;
			shellScript = "\"${SRCROOT}/Pods/Target Support Files/Pods-Practice3/Pods-Practice3-frameworks.sh\"\n";
			showEnvVarsInLog = 0;
		};
		D056B2A938518CDEDC32972D /* [CP] Copy Pods Resources */ = {
			isa = PBXShellScriptBuildPhase;
			buildActionMask = 2147483647;
			files = (
			);
			inputPaths = (
			);
			name = "[CP] Copy Pods Resources";
			outputPaths = (
			);
			runOnlyForDeploymentPostprocessing = 0;
			shellPath = /bin/sh;
			shellScript = "\"${SRCROOT}/Pods/Target Support Files/Pods-Practice3/Pods-Practice3-resources.sh\"\n";
			showEnvVarsInLog = 0;
		};
/* End PBXShellScriptBuildPhase section */

/* Begin PBXSourcesBuildPhase section */
		2DE9F71C1E8C26AA007FB644 /* Sources */ = {
			isa = PBXSourcesBuildPhase;
			buildActionMask = 2147483647;
			files = (
				2DE9F73C1E8C2994007FB644 /* UIImage+Opencv.mm in Sources */,
				2DE9F72B1E8C26AB007FB644 /* ViewController.mm in Sources */,
				2DE9F7281E8C26AA007FB644 /* AppDelegate.m in Sources */,
				2DE9F7251E8C26AA007FB644 /* main.m in Sources */,
				2D49AF471E8D9318001AAF13 /* Palette.mm in Sources */,
			);
			runOnlyForDeploymentPostprocessing = 0;
		};
/* End PBXSourcesBuildPhase section */

/* Begin PBXVariantGroup section */
		2DE9F72C1E8C26AB007FB644 /* Main.storyboard */ = {
			isa = PBXVariantGroup;
			children = (
				2DE9F72D1E8C26AB007FB644 /* Base */,
			);
			name = Main.storyboard;
			sourceTree = "<group>";
		};
		2DE9F7311E8C26AB007FB644 /* LaunchScreen.storyboard */ = {
			isa = PBXVariantGroup;
			children = (
				2DE9F7321E8C26AB007FB644 /* Base */,
			);
			name = LaunchScreen.storyboard;
			sourceTree = "<group>";
		};
/* End PBXVariantGroup section */

/* Begin XCBuildConfiguration section */
		2DE9F7351E8C26AB007FB644 /* Debug */ = {
			isa = XCBuildConfiguration;
			buildSettings = {
				ALWAYS_SEARCH_USER_PATHS = NO;
				CLANG_ANALYZER_NONNULL = YES;
				CLANG_CXX_LANGUAGE_STANDARD = "gnu++0x";
				CLANG_CXX_LIBRARY = "libc++";
				CLANG_ENABLE_MODULES = YES;
				CLANG_ENABLE_OBJC_ARC = YES;
				CLANG_WARN_BOOL_CONVERSION = YES;
				CLANG_WARN_CONSTANT_CONVERSION = YES;
				CLANG_WARN_DIRECT_OBJC_ISA_USAGE = YES_ERROR;
				CLANG_WARN_DOCUMENTATION_COMMENTS = YES;
				CLANG_WARN_EMPTY_BODY = YES;
				CLANG_WARN_ENUM_CONVERSION = YES;
				CLANG_WARN_INFINITE_RECURSION = YES;
				CLANG_WARN_INT_CONVERSION = YES;
				CLANG_WARN_OBJC_ROOT_CLASS = YES_ERROR;
				CLANG_WARN_SUSPICIOUS_MOVE = YES;
				CLANG_WARN_UNREACHABLE_CODE = YES;
				CLANG_WARN__DUPLICATE_METHOD_MATCH = YES;
				"CODE_SIGN_IDENTITY[sdk=iphoneos*]" = "iPhone Developer";
				COPY_PHASE_STRIP = NO;
				DEBUG_INFORMATION_FORMAT = dwarf;
				ENABLE_STRICT_OBJC_MSGSEND = YES;
				ENABLE_TESTABILITY = YES;
				GCC_C_LANGUAGE_STANDARD = gnu99;
				GCC_DYNAMIC_NO_PIC = NO;
				GCC_NO_COMMON_BLOCKS = YES;
				GCC_OPTIMIZATION_LEVEL = 0;
				GCC_PREPROCESSOR_DEFINITIONS = (
					"DEBUG=1",
					"$(inherited)",
				);
				GCC_WARN_64_TO_32_BIT_CONVERSION = YES;
				GCC_WARN_ABOUT_RETURN_TYPE = YES_ERROR;
				GCC_WARN_UNDECLARED_SELECTOR = YES;
				GCC_WARN_UNINITIALIZED_AUTOS = YES_AGGRESSIVE;
				GCC_WARN_UNUSED_FUNCTION = YES;
				GCC_WARN_UNUSED_VARIABLE = YES;
				IPHONEOS_DEPLOYMENT_TARGET = 10.2;
				MTL_ENABLE_DEBUG_INFO = YES;
				ONLY_ACTIVE_ARCH = YES;
				SDKROOT = iphoneos;
				TARGETED_DEVICE_FAMILY = "1,2";
			};
			name = Debug;
		};
		2DE9F7361E8C26AB007FB644 /* Release */ = {
			isa = XCBuildConfiguration;
			buildSettings = {
				ALWAYS_SEARCH_USER_PATHS = NO;
				CLANG_ANALYZER_NONNULL = YES;
				CLANG_CXX_LANGUAGE_STANDARD = "gnu++0x";
				CLANG_CXX_LIBRARY = "libc++";
				CLANG_ENABLE_MODULES = YES;
				CLANG_ENABLE_OBJC_ARC = YES;
				CLANG_WARN_BOOL_CONVERSION = YES;
				CLANG_WARN_CONSTANT_CONVERSION = YES;
				CLANG_WARN_DIRECT_OBJC_ISA_USAGE = YES_ERROR;
				CLANG_WARN_DOCUMENTATION_COMMENTS = YES;
				CLANG_WARN_EMPTY_BODY = YES;
				CLANG_WARN_ENUM_CONVERSION = YES;
				CLANG_WARN_INFINITE_RECURSION = YES;
				CLANG_WARN_INT_CONVERSION = YES;
				CLANG_WARN_OBJC_ROOT_CLASS = YES_ERROR;
				CLANG_WARN_SUSPICIOUS_MOVE = YES;
				CLANG_WARN_UNREACHABLE_CODE = YES;
				CLANG_WARN__DUPLICATE_METHOD_MATCH = YES;
				"CODE_SIGN_IDENTITY[sdk=iphoneos*]" = "iPhone Developer";
				COPY_PHASE_STRIP = NO;
				DEBUG_INFORMATION_FORMAT = "dwarf-with-dsym";
				ENABLE_NS_ASSERTIONS = NO;
				ENABLE_STRICT_OBJC_MSGSEND = YES;
				GCC_C_LANGUAGE_STANDARD = gnu99;
				GCC_NO_COMMON_BLOCKS = YES;
				GCC_WARN_64_TO_32_BIT_CONVERSION = YES;
				GCC_WARN_ABOUT_RETURN_TYPE = YES_ERROR;
				GCC_WARN_UNDECLARED_SELECTOR = YES;
				GCC_WARN_UNINITIALIZED_AUTOS = YES_AGGRESSIVE;
				GCC_WARN_UNUSED_FUNCTION = YES;
				GCC_WARN_UNUSED_VARIABLE = YES;
				IPHONEOS_DEPLOYMENT_TARGET = 10.2;
				MTL_ENABLE_DEBUG_INFO = NO;
				SDKROOT = iphoneos;
				TARGETED_DEVICE_FAMILY = "1,2";
				VALIDATE_PRODUCT = YES;
			};
			name = Release;
		};
		2DE9F7381E8C26AB007FB644 /* Debug */ = {
			isa = XCBuildConfiguration;
			baseConfigurationReference = A8E5E79D12AADA44A26D5E5F /* Pods-Practice3.debug.xcconfig */;
			buildSettings = {
				ASSETCATALOG_COMPILER_APPICON_NAME = AppIcon;
				DEVELOPMENT_TEAM = UCXGL3HMZX;
				INFOPLIST_FILE = Practice3/Info.plist;
				LD_RUNPATH_SEARCH_PATHS = "$(inherited) @executable_path/Frameworks";
				PRODUCT_BUNDLE_IDENTIFIER = tw.edu.mcu.05366016.Practice3;
				PRODUCT_NAME = "$(TARGET_NAME)";
			};
			name = Debug;
		};
		2DE9F7391E8C26AB007FB644 /* Release */ = {
			isa = XCBuildConfiguration;
			baseConfigurationReference = 836A65EF6ABBA7ED0F1BCDF8 /* Pods-Practice3.release.xcconfig */;
			buildSettings = {
				ASSETCATALOG_COMPILER_APPICON_NAME = AppIcon;
				DEVELOPMENT_TEAM = UCXGL3HMZX;
				INFOPLIST_FILE = Practice3/Info.plist;
				LD_RUNPATH_SEARCH_PATHS = "$(inherited) @executable_path/Frameworks";
				PRODUCT_BUNDLE_IDENTIFIER = tw.edu.mcu.05366016.Practice3;
				PRODUCT_NAME = "$(TARGET_NAME)";
			};
			name = Release;
		};
/* End XCBuildConfiguration section */

/* Begin XCConfigurationList section */
		2DE9F71B1E8C26A9007FB644 /* Build configuration list for PBXProject "Practice3" */ = {
			isa = XCConfigurationList;
			buildConfigurations = (
				2DE9F7351E8C26AB007FB644 /* Debug */,
				2DE9F7361E8C26AB007FB644 /* Release */,
			);
			defaultConfigurationIsVisible = 0;
			defaultConfigurationName = Release;
		};
		2DE9F7371E8C26AB007FB644 /* Build configuration list for PBXNativeTarget "Practice3" */ = {
			isa = XCConfigurationList;
			buildConfigurations = (
				2DE9F7381E8C26AB007FB644 /* Debug */,
				2DE9F7391E8C26AB007FB644 /* Release */,
			);
			defaultConfigurationIsVisible = 0;
			defaultConfigurationName = Release;
		};
/* End XCConfigurationList section */
	};
	rootObject = 2DE9F7181E8C26A9007FB644 /* Project object */;
}
