// !$*UTF8*$!
{
	archiveVersion = 1;
	classes = {
	};
	objectVersion = 46;
	objects = {

/* Begin PBXBuildFile section */
		BE0F87DD1E700B98002E477D /* main.m in Sources */ = {isa = PBXBuildFile; fileRef = BE0F87DC1E700B98002E477D /* main.m */; };
		BE0F87E01E700B98002E477D /* AppDelegate.mm in Sources */ = {isa = PBXBuildFile; fileRef = BE0F87DF1E700B98002E477D /* AppDelegate.mm */; };
		BE0F87E31E700B98002E477D /* ViewController.mm in Sources */ = {isa = PBXBuildFile; fileRef = BE0F87E21E700B98002E477D /* ViewController.mm */; };
		BE0F87E61E700B98002E477D /* Main.storyboard in Resources */ = {isa = PBXBuildFile; fileRef = BE0F87E41E700B98002E477D /* Main.storyboard */; };
		BE0F87E81E700B98002E477D /* Assets.xcassets in Resources */ = {isa = PBXBuildFile; fileRef = BE0F87E71E700B98002E477D /* Assets.xcassets */; };
		BE0F87EB1E700B98002E477D /* LaunchScreen.storyboard in Resources */ = {isa = PBXBuildFile; fileRef = BE0F87E91E700B98002E477D /* LaunchScreen.storyboard */; };
		BE579F881E70570700A19B84 /* opencv2.framework in Frameworks */ = {isa = PBXBuildFile; fileRef = BE579F871E70570700A19B84 /* opencv2.framework */; };
		BE579FC01E71834900A19B84 /* 00.JPG in Resources */ = {isa = PBXBuildFile; fileRef = BE579F8A1E71834900A19B84 /* 00.JPG */; };
		BE579FC11E71834900A19B84 /* 01.JPG in Resources */ = {isa = PBXBuildFile; fileRef = BE579F8B1E71834900A19B84 /* 01.JPG */; };
		BE579FC21E71834900A19B84 /* 02.JPG in Resources */ = {isa = PBXBuildFile; fileRef = BE579F8C1E71834900A19B84 /* 02.JPG */; };
		BE579FC31E71834900A19B84 /* 03.JPG in Resources */ = {isa = PBXBuildFile; fileRef = BE579F8D1E71834900A19B84 /* 03.JPG */; };
		BE579FC41E71834900A19B84 /* 04.JPG in Resources */ = {isa = PBXBuildFile; fileRef = BE579F8E1E71834900A19B84 /* 04.JPG */; };
		BE579FC51E71834900A19B84 /* 05.JPG in Resources */ = {isa = PBXBuildFile; fileRef = BE579F8F1E71834900A19B84 /* 05.JPG */; };
		BE579FC61E71834900A19B84 /* 06.JPG in Resources */ = {isa = PBXBuildFile; fileRef = BE579F901E71834900A19B84 /* 06.JPG */; };
		BE579FC71E71834900A19B84 /* 07.JPG in Resources */ = {isa = PBXBuildFile; fileRef = BE579F911E71834900A19B84 /* 07.JPG */; };
		BE579FC81E71834900A19B84 /* 08.JPG in Resources */ = {isa = PBXBuildFile; fileRef = BE579F921E71834900A19B84 /* 08.JPG */; };
		BE579FC91E71834900A19B84 /* 09.JPG in Resources */ = {isa = PBXBuildFile; fileRef = BE579F931E71834900A19B84 /* 09.JPG */; };
		BE579FCA1E71834900A19B84 /* 10.JPG in Resources */ = {isa = PBXBuildFile; fileRef = BE579F941E71834900A19B84 /* 10.JPG */; };
		BE579FCB1E71834900A19B84 /* 11.JPG in Resources */ = {isa = PBXBuildFile; fileRef = BE579F951E71834900A19B84 /* 11.JPG */; };
		BE579FCC1E71834900A19B84 /* 12.JPG in Resources */ = {isa = PBXBuildFile; fileRef = BE579F961E71834900A19B84 /* 12.JPG */; };
		BE579FCD1E71834900A19B84 /* 13.JPG in Resources */ = {isa = PBXBuildFile; fileRef = BE579F971E71834900A19B84 /* 13.JPG */; };
		BE579FCE1E71834900A19B84 /* 14.JPG in Resources */ = {isa = PBXBuildFile; fileRef = BE579F981E71834900A19B84 /* 14.JPG */; };
		BE579FCF1E71834900A19B84 /* 15.JPG in Resources */ = {isa = PBXBuildFile; fileRef = BE579F991E71834900A19B84 /* 15.JPG */; };
		BE579FD01E71834900A19B84 /* 16.JPG in Resources */ = {isa = PBXBuildFile; fileRef = BE579F9A1E71834900A19B84 /* 16.JPG */; };
		BE579FD11E71834900A19B84 /* 17.JPG in Resources */ = {isa = PBXBuildFile; fileRef = BE579F9B1E71834900A19B84 /* 17.JPG */; };
		BE579FD21E71834900A19B84 /* 18.JPG in Resources */ = {isa = PBXBuildFile; fileRef = BE579F9C1E71834900A19B84 /* 18.JPG */; };
		BE579FD31E71834900A19B84 /* 19.JPG in Resources */ = {isa = PBXBuildFile; fileRef = BE579F9D1E71834900A19B84 /* 19.JPG */; };
		BE579FD41E71834900A19B84 /* 20.JPG in Resources */ = {isa = PBXBuildFile; fileRef = BE579F9E1E71834900A19B84 /* 20.JPG */; };
		BE579FD51E71834900A19B84 /* 21.JPG in Resources */ = {isa = PBXBuildFile; fileRef = BE579F9F1E71834900A19B84 /* 21.JPG */; };
		BE579FD61E71834900A19B84 /* 22.JPG in Resources */ = {isa = PBXBuildFile; fileRef = BE579FA01E71834900A19B84 /* 22.JPG */; };
		BE579FD71E71834900A19B84 /* 23.JPG in Resources */ = {isa = PBXBuildFile; fileRef = BE579FA11E71834900A19B84 /* 23.JPG */; };
		BE579FD81E71834900A19B84 /* 24.JPG in Resources */ = {isa = PBXBuildFile; fileRef = BE579FA21E71834900A19B84 /* 24.JPG */; };
		BE579FD91E71834900A19B84 /* 25.JPG in Resources */ = {isa = PBXBuildFile; fileRef = BE579FA31E71834900A19B84 /* 25.JPG */; };
		BE579FDA1E71834900A19B84 /* 26.JPG in Resources */ = {isa = PBXBuildFile; fileRef = BE579FA41E71834900A19B84 /* 26.JPG */; };
		BE579FDB1E71834900A19B84 /* 27.JPG in Resources */ = {isa = PBXBuildFile; fileRef = BE579FA51E71834900A19B84 /* 27.JPG */; };
		BE579FDC1E71834900A19B84 /* 28.JPG in Resources */ = {isa = PBXBuildFile; fileRef = BE579FA61E71834900A19B84 /* 28.JPG */; };
		BE579FDD1E71834900A19B84 /* 29.JPG in Resources */ = {isa = PBXBuildFile; fileRef = BE579FA71E71834900A19B84 /* 29.JPG */; };
		BE579FDE1E71834900A19B84 /* 30.JPG in Resources */ = {isa = PBXBuildFile; fileRef = BE579FA81E71834900A19B84 /* 30.JPG */; };
		BE579FDF1E71834900A19B84 /* 31.JPG in Resources */ = {isa = PBXBuildFile; fileRef = BE579FA91E71834900A19B84 /* 31.JPG */; };
		BE579FE01E71834900A19B84 /* 32.JPG in Resources */ = {isa = PBXBuildFile; fileRef = BE579FAA1E71834900A19B84 /* 32.JPG */; };
		BE579FE11E71834900A19B84 /* 33.JPG in Resources */ = {isa = PBXBuildFile; fileRef = BE579FAB1E71834900A19B84 /* 33.JPG */; };
		BE579FE21E71834900A19B84 /* 34.JPG in Resources */ = {isa = PBXBuildFile; fileRef = BE579FAC1E71834900A19B84 /* 34.JPG */; };
		BE579FE31E71834900A19B84 /* 35.JPG in Resources */ = {isa = PBXBuildFile; fileRef = BE579FAD1E71834900A19B84 /* 35.JPG */; };
		BE579FE41E71834900A19B84 /* 36.JPG in Resources */ = {isa = PBXBuildFile; fileRef = BE579FAE1E71834900A19B84 /* 36.JPG */; };
		BE579FE51E71834900A19B84 /* 37.JPG in Resources */ = {isa = PBXBuildFile; fileRef = BE579FAF1E71834900A19B84 /* 37.JPG */; };
		BE579FE61E71834900A19B84 /* 38.JPG in Resources */ = {isa = PBXBuildFile; fileRef = BE579FB01E71834900A19B84 /* 38.JPG */; };
		BE579FE71E71834900A19B84 /* 39.JPG in Resources */ = {isa = PBXBuildFile; fileRef = BE579FB11E71834900A19B84 /* 39.JPG */; };
		BE579FE81E71834900A19B84 /* 40.JPG in Resources */ = {isa = PBXBuildFile; fileRef = BE579FB21E71834900A19B84 /* 40.JPG */; };
		BE579FE91E71834900A19B84 /* 41.JPG in Resources */ = {isa = PBXBuildFile; fileRef = BE579FB31E71834900A19B84 /* 41.JPG */; };
		BE579FEA1E71834900A19B84 /* 42.JPG in Resources */ = {isa = PBXBuildFile; fileRef = BE579FB41E71834900A19B84 /* 42.JPG */; };
		BE579FEB1E71834900A19B84 /* 43.JPG in Resources */ = {isa = PBXBuildFile; fileRef = BE579FB51E71834900A19B84 /* 43.JPG */; };
		BE579FEC1E71834900A19B84 /* 44.JPG in Resources */ = {isa = PBXBuildFile; fileRef = BE579FB61E71834900A19B84 /* 44.JPG */; };
		BE579FED1E71834900A19B84 /* 45.JPG in Resources */ = {isa = PBXBuildFile; fileRef = BE579FB71E71834900A19B84 /* 45.JPG */; };
		BE579FEE1E71834900A19B84 /* 46.JPG in Resources */ = {isa = PBXBuildFile; fileRef = BE579FB81E71834900A19B84 /* 46.JPG */; };
		BE579FEF1E71834900A19B84 /* 47.JPG in Resources */ = {isa = PBXBuildFile; fileRef = BE579FB91E71834900A19B84 /* 47.JPG */; };
		BE579FF01E71834900A19B84 /* 48.JPG in Resources */ = {isa = PBXBuildFile; fileRef = BE579FBA1E71834900A19B84 /* 48.JPG */; };
		BE579FF11E71834900A19B84 /* 49.JPG in Resources */ = {isa = PBXBuildFile; fileRef = BE579FBB1E71834900A19B84 /* 49.JPG */; };
		BE579FF21E71834900A19B84 /* 50.JPG in Resources */ = {isa = PBXBuildFile; fileRef = BE579FBC1E71834900A19B84 /* 50.JPG */; };
		BE579FF31E71834900A19B84 /* 51.JPG in Resources */ = {isa = PBXBuildFile; fileRef = BE579FBD1E71834900A19B84 /* 51.JPG */; };
		BE579FF41E71834900A19B84 /* 52.JPG in Resources */ = {isa = PBXBuildFile; fileRef = BE579FBE1E71834900A19B84 /* 52.JPG */; };
		BE579FF51E71834900A19B84 /* JOKER-MCU紅.JPG in Resources */ = {isa = PBXBuildFile; fileRef = BE579FBF1E71834900A19B84 /* JOKER-MCU紅.JPG */; };
		BE579FF81E71E06500A19B84 /* CALayer+Border.m in Sources */ = {isa = PBXBuildFile; fileRef = BE579FF71E71E06500A19B84 /* CALayer+Border.m */; };
/* End PBXBuildFile section */

/* Begin PBXFileReference section */
		BE0F87D81E700B98002E477D /* Practice1.app */ = {isa = PBXFileReference; explicitFileType = wrapper.application; includeInIndex = 0; path = Practice1.app; sourceTree = BUILT_PRODUCTS_DIR; };
		BE0F87DC1E700B98002E477D /* main.m */ = {isa = PBXFileReference; lastKnownFileType = sourcecode.c.objc; path = main.m; sourceTree = "<group>"; };
		BE0F87DE1E700B98002E477D /* AppDelegate.h */ = {isa = PBXFileReference; lastKnownFileType = sourcecode.c.h; path = AppDelegate.h; sourceTree = "<group>"; };
		BE0F87DF1E700B98002E477D /* AppDelegate.mm */ = {isa = PBXFileReference; lastKnownFileType = sourcecode.cpp.objcpp; path = AppDelegate.mm; sourceTree = "<group>"; };
		BE0F87E11E700B98002E477D /* ViewController.h */ = {isa = PBXFileReference; lastKnownFileType = sourcecode.c.h; path = ViewController.h; sourceTree = "<group>"; };
		BE0F87E21E700B98002E477D /* ViewController.mm */ = {isa = PBXFileReference; lastKnownFileType = sourcecode.cpp.objcpp; path = ViewController.mm; sourceTree = "<group>"; };
		BE0F87E51E700B98002E477D /* Base */ = {isa = PBXFileReference; lastKnownFileType = file.storyboard; name = Base; path = Base.lproj/Main.storyboard; sourceTree = "<group>"; };
		BE0F87E71E700B98002E477D /* Assets.xcassets */ = {isa = PBXFileReference; lastKnownFileType = folder.assetcatalog; path = Assets.xcassets; sourceTree = "<group>"; };
		BE0F87EA1E700B98002E477D /* Base */ = {isa = PBXFileReference; lastKnownFileType = file.storyboard; name = Base; path = Base.lproj/LaunchScreen.storyboard; sourceTree = "<group>"; };
		BE0F87EC1E700B98002E477D /* Info.plist */ = {isa = PBXFileReference; lastKnownFileType = text.plist.xml; path = Info.plist; sourceTree = "<group>"; };
		BE579F871E70570700A19B84 /* opencv2.framework */ = {isa = PBXFileReference; lastKnownFileType = wrapper.framework; path = opencv2.framework; sourceTree = "<group>"; };
		BE579F8A1E71834900A19B84 /* 00.JPG */ = {isa = PBXFileReference; lastKnownFileType = image.jpeg; path = 00.JPG; sourceTree = "<group>"; };
		BE579F8B1E71834900A19B84 /* 01.JPG */ = {isa = PBXFileReference; lastKnownFileType = image.jpeg; path = 01.JPG; sourceTree = "<group>"; };
		BE579F8C1E71834900A19B84 /* 02.JPG */ = {isa = PBXFileReference; lastKnownFileType = image.jpeg; path = 02.JPG; sourceTree = "<group>"; };
		BE579F8D1E71834900A19B84 /* 03.JPG */ = {isa = PBXFileReference; lastKnownFileType = image.jpeg; path = 03.JPG; sourceTree = "<group>"; };
		BE579F8E1E71834900A19B84 /* 04.JPG */ = {isa = PBXFileReference; lastKnownFileType = image.jpeg; path = 04.JPG; sourceTree = "<group>"; };
		BE579F8F1E71834900A19B84 /* 05.JPG */ = {isa = PBXFileReference; lastKnownFileType = image.jpeg; path = 05.JPG; sourceTree = "<group>"; };
		BE579F901E71834900A19B84 /* 06.JPG */ = {isa = PBXFileReference; lastKnownFileType = image.jpeg; path = 06.JPG; sourceTree = "<group>"; };
		BE579F911E71834900A19B84 /* 07.JPG */ = {isa = PBXFileReference; lastKnownFileType = image.jpeg; path = 07.JPG; sourceTree = "<group>"; };
		BE579F921E71834900A19B84 /* 08.JPG */ = {isa = PBXFileReference; lastKnownFileType = image.jpeg; path = 08.JPG; sourceTree = "<group>"; };
		BE579F931E71834900A19B84 /* 09.JPG */ = {isa = PBXFileReference; lastKnownFileType = image.jpeg; path = 09.JPG; sourceTree = "<group>"; };
		BE579F941E71834900A19B84 /* 10.JPG */ = {isa = PBXFileReference; lastKnownFileType = image.jpeg; path = 10.JPG; sourceTree = "<group>"; };
		BE579F951E71834900A19B84 /* 11.JPG */ = {isa = PBXFileReference; lastKnownFileType = image.jpeg; path = 11.JPG; sourceTree = "<group>"; };
		BE579F961E71834900A19B84 /* 12.JPG */ = {isa = PBXFileReference; lastKnownFileType = image.jpeg; path = 12.JPG; sourceTree = "<group>"; };
		BE579F971E71834900A19B84 /* 13.JPG */ = {isa = PBXFileReference; lastKnownFileType = image.jpeg; path = 13.JPG; sourceTree = "<group>"; };
		BE579F981E71834900A19B84 /* 14.JPG */ = {isa = PBXFileReference; lastKnownFileType = image.jpeg; path = 14.JPG; sourceTree = "<group>"; };
		BE579F991E71834900A19B84 /* 15.JPG */ = {isa = PBXFileReference; lastKnownFileType = image.jpeg; path = 15.JPG; sourceTree = "<group>"; };
		BE579F9A1E71834900A19B84 /* 16.JPG */ = {isa = PBXFileReference; lastKnownFileType = image.jpeg; path = 16.JPG; sourceTree = "<group>"; };
		BE579F9B1E71834900A19B84 /* 17.JPG */ = {isa = PBXFileReference; lastKnownFileType = image.jpeg; path = 17.JPG; sourceTree = "<group>"; };
		BE579F9C1E71834900A19B84 /* 18.JPG */ = {isa = PBXFileReference; lastKnownFileType = image.jpeg; path = 18.JPG; sourceTree = "<group>"; };
		BE579F9D1E71834900A19B84 /* 19.JPG */ = {isa = PBXFileReference; lastKnownFileType = image.jpeg; path = 19.JPG; sourceTree = "<group>"; };
		BE579F9E1E71834900A19B84 /* 20.JPG */ = {isa = PBXFileReference; lastKnownFileType = image.jpeg; path = 20.JPG; sourceTree = "<group>"; };
		BE579F9F1E71834900A19B84 /* 21.JPG */ = {isa = PBXFileReference; lastKnownFileType = image.jpeg; path = 21.JPG; sourceTree = "<group>"; };
		BE579FA01E71834900A19B84 /* 22.JPG */ = {isa = PBXFileReference; lastKnownFileType = image.jpeg; path = 22.JPG; sourceTree = "<group>"; };
		BE579FA11E71834900A19B84 /* 23.JPG */ = {isa = PBXFileReference; lastKnownFileType = image.jpeg; path = 23.JPG; sourceTree = "<group>"; };
		BE579FA21E71834900A19B84 /* 24.JPG */ = {isa = PBXFileReference; lastKnownFileType = image.jpeg; path = 24.JPG; sourceTree = "<group>"; };
		BE579FA31E71834900A19B84 /* 25.JPG */ = {isa = PBXFileReference; lastKnownFileType = image.jpeg; path = 25.JPG; sourceTree = "<group>"; };
		BE579FA41E71834900A19B84 /* 26.JPG */ = {isa = PBXFileReference; lastKnownFileType = image.jpeg; path = 26.JPG; sourceTree = "<group>"; };
		BE579FA51E71834900A19B84 /* 27.JPG */ = {isa = PBXFileReference; lastKnownFileType = image.jpeg; path = 27.JPG; sourceTree = "<group>"; };
		BE579FA61E71834900A19B84 /* 28.JPG */ = {isa = PBXFileReference; lastKnownFileType = image.jpeg; path = 28.JPG; sourceTree = "<group>"; };
		BE579FA71E71834900A19B84 /* 29.JPG */ = {isa = PBXFileReference; lastKnownFileType = image.jpeg; path = 29.JPG; sourceTree = "<group>"; };
		BE579FA81E71834900A19B84 /* 30.JPG */ = {isa = PBXFileReference; lastKnownFileType = image.jpeg; path = 30.JPG; sourceTree = "<group>"; };
		BE579FA91E71834900A19B84 /* 31.JPG */ = {isa = PBXFileReference; lastKnownFileType = image.jpeg; path = 31.JPG; sourceTree = "<group>"; };
		BE579FAA1E71834900A19B84 /* 32.JPG */ = {isa = PBXFileReference; lastKnownFileType = image.jpeg; path = 32.JPG; sourceTree = "<group>"; };
		BE579FAB1E71834900A19B84 /* 33.JPG */ = {isa = PBXFileReference; lastKnownFileType = image.jpeg; path = 33.JPG; sourceTree = "<group>"; };
		BE579FAC1E71834900A19B84 /* 34.JPG */ = {isa = PBXFileReference; lastKnownFileType = image.jpeg; path = 34.JPG; sourceTree = "<group>"; };
		BE579FAD1E71834900A19B84 /* 35.JPG */ = {isa = PBXFileReference; lastKnownFileType = image.jpeg; path = 35.JPG; sourceTree = "<group>"; };
		BE579FAE1E71834900A19B84 /* 36.JPG */ = {isa = PBXFileReference; lastKnownFileType = image.jpeg; path = 36.JPG; sourceTree = "<group>"; };
		BE579FAF1E71834900A19B84 /* 37.JPG */ = {isa = PBXFileReference; lastKnownFileType = image.jpeg; path = 37.JPG; sourceTree = "<group>"; };
		BE579FB01E71834900A19B84 /* 38.JPG */ = {isa = PBXFileReference; lastKnownFileType = image.jpeg; path = 38.JPG; sourceTree = "<group>"; };
		BE579FB11E71834900A19B84 /* 39.JPG */ = {isa = PBXFileReference; lastKnownFileType = image.jpeg; path = 39.JPG; sourceTree = "<group>"; };
		BE579FB21E71834900A19B84 /* 40.JPG */ = {isa = PBXFileReference; lastKnownFileType = image.jpeg; path = 40.JPG; sourceTree = "<group>"; };
		BE579FB31E71834900A19B84 /* 41.JPG */ = {isa = PBXFileReference; lastKnownFileType = image.jpeg; path = 41.JPG; sourceTree = "<group>"; };
		BE579FB41E71834900A19B84 /* 42.JPG */ = {isa = PBXFileReference; lastKnownFileType = image.jpeg; path = 42.JPG; sourceTree = "<group>"; };
		BE579FB51E71834900A19B84 /* 43.JPG */ = {isa = PBXFileReference; lastKnownFileType = image.jpeg; path = 43.JPG; sourceTree = "<group>"; };
		BE579FB61E71834900A19B84 /* 44.JPG */ = {isa = PBXFileReference; lastKnownFileType = image.jpeg; path = 44.JPG; sourceTree = "<group>"; };
		BE579FB71E71834900A19B84 /* 45.JPG */ = {isa = PBXFileReference; lastKnownFileType = image.jpeg; path = 45.JPG; sourceTree = "<group>"; };
		BE579FB81E71834900A19B84 /* 46.JPG */ = {isa = PBXFileReference; lastKnownFileType = image.jpeg; path = 46.JPG; sourceTree = "<group>"; };
		BE579FB91E71834900A19B84 /* 47.JPG */ = {isa = PBXFileReference; lastKnownFileType = image.jpeg; path = 47.JPG; sourceTree = "<group>"; };
		BE579FBA1E71834900A19B84 /* 48.JPG */ = {isa = PBXFileReference; lastKnownFileType = image.jpeg; path = 48.JPG; sourceTree = "<group>"; };
		BE579FBB1E71834900A19B84 /* 49.JPG */ = {isa = PBXFileReference; lastKnownFileType = image.jpeg; path = 49.JPG; sourceTree = "<group>"; };
		BE579FBC1E71834900A19B84 /* 50.JPG */ = {isa = PBXFileReference; lastKnownFileType = image.jpeg; path = 50.JPG; sourceTree = "<group>"; };
		BE579FBD1E71834900A19B84 /* 51.JPG */ = {isa = PBXFileReference; lastKnownFileType = image.jpeg; path = 51.JPG; sourceTree = "<group>"; };
		BE579FBE1E71834900A19B84 /* 52.JPG */ = {isa = PBXFileReference; lastKnownFileType = image.jpeg; path = 52.JPG; sourceTree = "<group>"; };
		BE579FBF1E71834900A19B84 /* JOKER-MCU紅.JPG */ = {isa = PBXFileReference; lastKnownFileType = image.jpeg; path = "JOKER-MCU紅.JPG"; sourceTree = "<group>"; };
		BE579FF61E71E06500A19B84 /* CALayer+Border.h */ = {isa = PBXFileReference; fileEncoding = 4; lastKnownFileType = sourcecode.c.h; path = "CALayer+Border.h"; sourceTree = "<group>"; };
		BE579FF71E71E06500A19B84 /* CALayer+Border.m */ = {isa = PBXFileReference; fileEncoding = 4; lastKnownFileType = sourcecode.c.objc; path = "CALayer+Border.m"; sourceTree = "<group>"; };
/* End PBXFileReference section */

/* Begin PBXFrameworksBuildPhase section */
		BE0F87D51E700B98002E477D /* Frameworks */ = {
			isa = PBXFrameworksBuildPhase;
			buildActionMask = 2147483647;
			files = (
				BE579F881E70570700A19B84 /* opencv2.framework in Frameworks */,
			);
			runOnlyForDeploymentPostprocessing = 0;
		};
/* End PBXFrameworksBuildPhase section */

/* Begin PBXGroup section */
		BE0F87CF1E700B98002E477D = {
			isa = PBXGroup;
			children = (
				BE0F87DA1E700B98002E477D /* Practice1 */,
				BE0F87D91E700B98002E477D /* Products */,
				BE579F871E70570700A19B84 /* opencv2.framework */,
			);
			sourceTree = "<group>";
		};
		BE0F87D91E700B98002E477D /* Products */ = {
			isa = PBXGroup;
			children = (
				BE0F87D81E700B98002E477D /* Practice1.app */,
			);
			name = Products;
			sourceTree = "<group>";
		};
		BE0F87DA1E700B98002E477D /* Practice1 */ = {
			isa = PBXGroup;
			children = (
				BE0F87E11E700B98002E477D /* ViewController.h */,
				BE0F87E21E700B98002E477D /* ViewController.mm */,
				BE0F87E41E700B98002E477D /* Main.storyboard */,
				BE579FF61E71E06500A19B84 /* CALayer+Border.h */,
				BE579FF71E71E06500A19B84 /* CALayer+Border.m */,
				BE0F87E71E700B98002E477D /* Assets.xcassets */,
				BE0F87E91E700B98002E477D /* LaunchScreen.storyboard */,
				BE0F87EC1E700B98002E477D /* Info.plist */,
				BE579F891E71834900A19B84 /* Cards */,
				BE0F87DB1E700B98002E477D /* Supporting Files */,
			);
			path = Practice1;
			sourceTree = "<group>";
		};
		BE0F87DB1E700B98002E477D /* Supporting Files */ = {
			isa = PBXGroup;
			children = (
				BE0F87DE1E700B98002E477D /* AppDelegate.h */,
				BE0F87DF1E700B98002E477D /* AppDelegate.mm */,
				BE0F87DC1E700B98002E477D /* main.m */,
			);
			name = "Supporting Files";
			sourceTree = "<group>";
		};
		BE579F891E71834900A19B84 /* Cards */ = {
			isa = PBXGroup;
			children = (
				BE579F8A1E71834900A19B84 /* 00.JPG */,
				BE579F8B1E71834900A19B84 /* 01.JPG */,
				BE579F8C1E71834900A19B84 /* 02.JPG */,
				BE579F8D1E71834900A19B84 /* 03.JPG */,
				BE579F8E1E71834900A19B84 /* 04.JPG */,
				BE579F8F1E71834900A19B84 /* 05.JPG */,
				BE579F901E71834900A19B84 /* 06.JPG */,
				BE579F911E71834900A19B84 /* 07.JPG */,
				BE579F921E71834900A19B84 /* 08.JPG */,
				BE579F931E71834900A19B84 /* 09.JPG */,
				BE579F941E71834900A19B84 /* 10.JPG */,
				BE579F951E71834900A19B84 /* 11.JPG */,
				BE579F961E71834900A19B84 /* 12.JPG */,
				BE579F971E71834900A19B84 /* 13.JPG */,
				BE579F981E71834900A19B84 /* 14.JPG */,
				BE579F991E71834900A19B84 /* 15.JPG */,
				BE579F9A1E71834900A19B84 /* 16.JPG */,
				BE579F9B1E71834900A19B84 /* 17.JPG */,
				BE579F9C1E71834900A19B84 /* 18.JPG */,
				BE579F9D1E71834900A19B84 /* 19.JPG */,
				BE579F9E1E71834900A19B84 /* 20.JPG */,
				BE579F9F1E71834900A19B84 /* 21.JPG */,
				BE579FA01E71834900A19B84 /* 22.JPG */,
				BE579FA11E71834900A19B84 /* 23.JPG */,
				BE579FA21E71834900A19B84 /* 24.JPG */,
				BE579FA31E71834900A19B84 /* 25.JPG */,
				BE579FA41E71834900A19B84 /* 26.JPG */,
				BE579FA51E71834900A19B84 /* 27.JPG */,
				BE579FA61E71834900A19B84 /* 28.JPG */,
				BE579FA71E71834900A19B84 /* 29.JPG */,
				BE579FA81E71834900A19B84 /* 30.JPG */,
				BE579FA91E71834900A19B84 /* 31.JPG */,
				BE579FAA1E71834900A19B84 /* 32.JPG */,
				BE579FAB1E71834900A19B84 /* 33.JPG */,
				BE579FAC1E71834900A19B84 /* 34.JPG */,
				BE579FAD1E71834900A19B84 /* 35.JPG */,
				BE579FAE1E71834900A19B84 /* 36.JPG */,
				BE579FAF1E71834900A19B84 /* 37.JPG */,
				BE579FB01E71834900A19B84 /* 38.JPG */,
				BE579FB11E71834900A19B84 /* 39.JPG */,
				BE579FB21E71834900A19B84 /* 40.JPG */,
				BE579FB31E71834900A19B84 /* 41.JPG */,
				BE579FB41E71834900A19B84 /* 42.JPG */,
				BE579FB51E71834900A19B84 /* 43.JPG */,
				BE579FB61E71834900A19B84 /* 44.JPG */,
				BE579FB71E71834900A19B84 /* 45.JPG */,
				BE579FB81E71834900A19B84 /* 46.JPG */,
				BE579FB91E71834900A19B84 /* 47.JPG */,
				BE579FBA1E71834900A19B84 /* 48.JPG */,
				BE579FBB1E71834900A19B84 /* 49.JPG */,
				BE579FBC1E71834900A19B84 /* 50.JPG */,
				BE579FBD1E71834900A19B84 /* 51.JPG */,
				BE579FBE1E71834900A19B84 /* 52.JPG */,
				BE579FBF1E71834900A19B84 /* JOKER-MCU紅.JPG */,
			);
			path = Cards;
			sourceTree = SOURCE_ROOT;
		};
/* End PBXGroup section */

/* Begin PBXNativeTarget section */
		BE0F87D71E700B98002E477D /* Practice1 */ = {
			isa = PBXNativeTarget;
			buildConfigurationList = BE0F87EF1E700B98002E477D /* Build configuration list for PBXNativeTarget "Practice1" */;
			buildPhases = (
				BE0F87D41E700B98002E477D /* Sources */,
				BE0F87D51E700B98002E477D /* Frameworks */,
				BE0F87D61E700B98002E477D /* Resources */,
			);
			buildRules = (
			);
			dependencies = (
			);
			name = Practice1;
			productName = Practice1;
			productReference = BE0F87D81E700B98002E477D /* Practice1.app */;
			productType = "com.apple.product-type.application";
		};
/* End PBXNativeTarget section */

/* Begin PBXProject section */
		BE0F87D01E700B98002E477D /* Project object */ = {
			isa = PBXProject;
			attributes = {
				LastUpgradeCheck = 0820;
				ORGANIZATIONNAME = MCU;
				TargetAttributes = {
					BE0F87D71E700B98002E477D = {
						CreatedOnToolsVersion = 8.2.1;
						ProvisioningStyle = Automatic;
					};
				};
			};
			buildConfigurationList = BE0F87D31E700B98002E477D /* Build configuration list for PBXProject "Practice1" */;
			compatibilityVersion = "Xcode 3.2";
			developmentRegion = English;
			hasScannedForEncodings = 0;
			knownRegions = (
				en,
				Base,
			);
			mainGroup = BE0F87CF1E700B98002E477D;
			productRefGroup = BE0F87D91E700B98002E477D /* Products */;
			projectDirPath = "";
			projectRoot = "";
			targets = (
				BE0F87D71E700B98002E477D /* Practice1 */,
			);
		};
/* End PBXProject section */

/* Begin PBXResourcesBuildPhase section */
		BE0F87D61E700B98002E477D /* Resources */ = {
			isa = PBXResourcesBuildPhase;
			buildActionMask = 2147483647;
			files = (
				BE579FE61E71834900A19B84 /* 38.JPG in Resources */,
				BE579FE81E71834900A19B84 /* 40.JPG in Resources */,
				BE579FE31E71834900A19B84 /* 35.JPG in Resources */,
				BE579FDF1E71834900A19B84 /* 31.JPG in Resources */,
				BE579FDE1E71834900A19B84 /* 30.JPG in Resources */,
				BE579FF51E71834900A19B84 /* JOKER-MCU紅.JPG in Resources */,
				BE579FD01E71834900A19B84 /* 16.JPG in Resources */,
				BE579FD71E71834900A19B84 /* 23.JPG in Resources */,
				BE579FE11E71834900A19B84 /* 33.JPG in Resources */,
				BE579FC91E71834900A19B84 /* 09.JPG in Resources */,
				BE579FD21E71834900A19B84 /* 18.JPG in Resources */,
				BE579FE01E71834900A19B84 /* 32.JPG in Resources */,
				BE579FC51E71834900A19B84 /* 05.JPG in Resources */,
				BE579FF11E71834900A19B84 /* 49.JPG in Resources */,
				BE579FC11E71834900A19B84 /* 01.JPG in Resources */,
				BE579FF01E71834900A19B84 /* 48.JPG in Resources */,
				BE579FC41E71834900A19B84 /* 04.JPG in Resources */,
				BE579FF21E71834900A19B84 /* 50.JPG in Resources */,
				BE579FD11E71834900A19B84 /* 17.JPG in Resources */,
				BE579FED1E71834900A19B84 /* 45.JPG in Resources */,
				BE579FD41E71834900A19B84 /* 20.JPG in Resources */,
				BE0F87EB1E700B98002E477D /* LaunchScreen.storyboard in Resources */,
				BE579FEA1E71834900A19B84 /* 42.JPG in Resources */,
				BE579FE21E71834900A19B84 /* 34.JPG in Resources */,
				BE579FD31E71834900A19B84 /* 19.JPG in Resources */,
				BE579FD51E71834900A19B84 /* 21.JPG in Resources */,
				BE579FE91E71834900A19B84 /* 41.JPG in Resources */,
				BE579FCB1E71834900A19B84 /* 11.JPG in Resources */,
				BE579FC01E71834900A19B84 /* 00.JPG in Resources */,
				BE579FD61E71834900A19B84 /* 22.JPG in Resources */,
				BE579FEB1E71834900A19B84 /* 43.JPG in Resources */,
				BE579FF31E71834900A19B84 /* 51.JPG in Resources */,
				BE579FC61E71834900A19B84 /* 06.JPG in Resources */,
				BE579FCC1E71834900A19B84 /* 12.JPG in Resources */,
				BE579FC71E71834900A19B84 /* 07.JPG in Resources */,
				BE579FEC1E71834900A19B84 /* 44.JPG in Resources */,
				BE579FC21E71834900A19B84 /* 02.JPG in Resources */,
				BE579FC31E71834900A19B84 /* 03.JPG in Resources */,
				BE579FC81E71834900A19B84 /* 08.JPG in Resources */,
				BE0F87E81E700B98002E477D /* Assets.xcassets in Resources */,
				BE579FCF1E71834900A19B84 /* 15.JPG in Resources */,
				BE579FCE1E71834900A19B84 /* 14.JPG in Resources */,
				BE579FE41E71834900A19B84 /* 36.JPG in Resources */,
				BE579FE71E71834900A19B84 /* 39.JPG in Resources */,
				BE579FDB1E71834900A19B84 /* 27.JPG in Resources */,
				BE579FF41E71834900A19B84 /* 52.JPG in Resources */,
				BE579FCD1E71834900A19B84 /* 13.JPG in Resources */,
				BE579FE51E71834900A19B84 /* 37.JPG in Resources */,
				BE579FDA1E71834900A19B84 /* 26.JPG in Resources */,
				BE579FD91E71834900A19B84 /* 25.JPG in Resources */,
				BE579FEF1E71834900A19B84 /* 47.JPG in Resources */,
				BE579FCA1E71834900A19B84 /* 10.JPG in Resources */,
				BE579FEE1E71834900A19B84 /* 46.JPG in Resources */,
				BE0F87E61E700B98002E477D /* Main.storyboard in Resources */,
				BE579FD81E71834900A19B84 /* 24.JPG in Resources */,
				BE579FDD1E71834900A19B84 /* 29.JPG in Resources */,
				BE579FDC1E71834900A19B84 /* 28.JPG in Resources */,
			);
			runOnlyForDeploymentPostprocessing = 0;
		};
/* End PBXResourcesBuildPhase section */

/* Begin PBXSourcesBuildPhase section */
		BE0F87D41E700B98002E477D /* Sources */ = {
			isa = PBXSourcesBuildPhase;
			buildActionMask = 2147483647;
			files = (
				BE0F87E31E700B98002E477D /* ViewController.mm in Sources */,
				BE579FF81E71E06500A19B84 /* CALayer+Border.m in Sources */,
				BE0F87E01E700B98002E477D /* AppDelegate.mm in Sources */,
				BE0F87DD1E700B98002E477D /* main.m in Sources */,
			);
			runOnlyForDeploymentPostprocessing = 0;
		};
/* End PBXSourcesBuildPhase section */

/* Begin PBXVariantGroup section */
		BE0F87E41E700B98002E477D /* Main.storyboard */ = {
			isa = PBXVariantGroup;
			children = (
				BE0F87E51E700B98002E477D /* Base */,
			);
			name = Main.storyboard;
			sourceTree = "<group>";
		};
		BE0F87E91E700B98002E477D /* LaunchScreen.storyboard */ = {
			isa = PBXVariantGroup;
			children = (
				BE0F87EA1E700B98002E477D /* Base */,
			);
			name = LaunchScreen.storyboard;
			sourceTree = "<group>";
		};
/* End PBXVariantGroup section */

/* Begin XCBuildConfiguration section */
		BE0F87ED1E700B98002E477D /* Debug */ = {
			isa = XCBuildConfiguration;
			buildSettings = {
				ALWAYS_SEARCH_USER_PATHS = NO;
				CLANG_ANALYZER_NONNULL = YES;
				CLANG_CXX_LANGUAGE_STANDARD = "gnu++0x";
				CLANG_CXX_LIBRARY = "libc++";
				CLANG_ENABLE_MODULES = YES;
				CLANG_ENABLE_OBJC_ARC = YES;
				CLANG_WARN_BOOL_CONVERSION = YES;
				CLANG_WARN_CONSTANT_CONVERSION = YES;
				CLANG_WARN_DIRECT_OBJC_ISA_USAGE = YES_ERROR;
				CLANG_WARN_DOCUMENTATION_COMMENTS = YES;
				CLANG_WARN_EMPTY_BODY = YES;
				CLANG_WARN_ENUM_CONVERSION = YES;
				CLANG_WARN_INFINITE_RECURSION = YES;
				CLANG_WARN_INT_CONVERSION = YES;
				CLANG_WARN_OBJC_ROOT_CLASS = YES_ERROR;
				CLANG_WARN_SUSPICIOUS_MOVE = YES;
				CLANG_WARN_UNREACHABLE_CODE = YES;
				CLANG_WARN__DUPLICATE_METHOD_MATCH = YES;
				"CODE_SIGN_IDENTITY[sdk=iphoneos*]" = "iPhone Developer";
				COPY_PHASE_STRIP = NO;
				DEBUG_INFORMATION_FORMAT = dwarf;
				ENABLE_STRICT_OBJC_MSGSEND = YES;
				ENABLE_TESTABILITY = YES;
				GCC_C_LANGUAGE_STANDARD = gnu99;
				GCC_DYNAMIC_NO_PIC = NO;
				GCC_NO_COMMON_BLOCKS = YES;
				GCC_OPTIMIZATION_LEVEL = 0;
				GCC_PREPROCESSOR_DEFINITIONS = (
					"DEBUG=1",
					"$(inherited)",
				);
				GCC_WARN_64_TO_32_BIT_CONVERSION = YES;
				GCC_WARN_ABOUT_RETURN_TYPE = YES_ERROR;
				GCC_WARN_UNDECLARED_SELECTOR = YES;
				GCC_WARN_UNINITIALIZED_AUTOS = YES_AGGRESSIVE;
				GCC_WARN_UNUSED_FUNCTION = YES;
				GCC_WARN_UNUSED_VARIABLE = YES;
				IPHONEOS_DEPLOYMENT_TARGET = 10.2;
				MTL_ENABLE_DEBUG_INFO = YES;
				ONLY_ACTIVE_ARCH = YES;
				SDKROOT = iphoneos;
				TARGETED_DEVICE_FAMILY = "1,2";
			};
			name = Debug;
		};
		BE0F87EE1E700B98002E477D /* Release */ = {
			isa = XCBuildConfiguration;
			buildSettings = {
				ALWAYS_SEARCH_USER_PATHS = NO;
				CLANG_ANALYZER_NONNULL = YES;
				CLANG_CXX_LANGUAGE_STANDARD = "gnu++0x";
				CLANG_CXX_LIBRARY = "libc++";
				CLANG_ENABLE_MODULES = YES;
				CLANG_ENABLE_OBJC_ARC = YES;
				CLANG_WARN_BOOL_CONVERSION = YES;
				CLANG_WARN_CONSTANT_CONVERSION = YES;
				CLANG_WARN_DIRECT_OBJC_ISA_USAGE = YES_ERROR;
				CLANG_WARN_DOCUMENTATION_COMMENTS = YES;
				CLANG_WARN_EMPTY_BODY = YES;
				CLANG_WARN_ENUM_CONVERSION = YES;
				CLANG_WARN_INFINITE_RECURSION = YES;
				CLANG_WARN_INT_CONVERSION = YES;
				CLANG_WARN_OBJC_ROOT_CLASS = YES_ERROR;
				CLANG_WARN_SUSPICIOUS_MOVE = YES;
				CLANG_WARN_UNREACHABLE_CODE = YES;
				CLANG_WARN__DUPLICATE_METHOD_MATCH = YES;
				"CODE_SIGN_IDENTITY[sdk=iphoneos*]" = "iPhone Developer";
				COPY_PHASE_STRIP = NO;
				DEBUG_INFORMATION_FORMAT = "dwarf-with-dsym";
				ENABLE_NS_ASSERTIONS = NO;
				ENABLE_STRICT_OBJC_MSGSEND = YES;
				GCC_C_LANGUAGE_STANDARD = gnu99;
				GCC_NO_COMMON_BLOCKS = YES;
				GCC_WARN_64_TO_32_BIT_CONVERSION = YES;
				GCC_WARN_ABOUT_RETURN_TYPE = YES_ERROR;
				GCC_WARN_UNDECLARED_SELECTOR = YES;
				GCC_WARN_UNINITIALIZED_AUTOS = YES_AGGRESSIVE;
				GCC_WARN_UNUSED_FUNCTION = YES;
				GCC_WARN_UNUSED_VARIABLE = YES;
				IPHONEOS_DEPLOYMENT_TARGET = 10.2;
				MTL_ENABLE_DEBUG_INFO = NO;
				SDKROOT = iphoneos;
				TARGETED_DEVICE_FAMILY = "1,2";
				VALIDATE_PRODUCT = YES;
			};
			name = Release;
		};
		BE0F87F01E700B98002E477D /* Debug */ = {
			isa = XCBuildConfiguration;
			buildSettings = {
				ASSETCATALOG_COMPILER_APPICON_NAME = AppIcon;
				FRAMEWORK_SEARCH_PATHS = "$(PROJECT_DIR)";
				HEADER_SEARCH_PATHS = "";
				INFOPLIST_FILE = Practice1/Info.plist;
				LD_RUNPATH_SEARCH_PATHS = "$(inherited) @executable_path/Frameworks";
				OTHER_CPLUSPLUSFLAGS = (
					"-fvisibility=hidden",
					"-fvisibility-inlines-hidden",
				);
				PRODUCT_BUNDLE_IDENTIFIER = tw.edu.mcu.01360912.Practice1;
				PRODUCT_NAME = "$(TARGET_NAME)";
			};
			name = Debug;
		};
		BE0F87F11E700B98002E477D /* Release */ = {
			isa = XCBuildConfiguration;
			buildSettings = {
				ASSETCATALOG_COMPILER_APPICON_NAME = AppIcon;
				FRAMEWORK_SEARCH_PATHS = "$(PROJECT_DIR)";
				HEADER_SEARCH_PATHS = "";
				INFOPLIST_FILE = Practice1/Info.plist;
				LD_RUNPATH_SEARCH_PATHS = "$(inherited) @executable_path/Frameworks";
				OTHER_CPLUSPLUSFLAGS = (
					"-fvisibility=hidden",
					"-fvisibility-inlines-hidden",
				);
				PRODUCT_BUNDLE_IDENTIFIER = tw.edu.mcu.01360912.Practice1;
				PRODUCT_NAME = "$(TARGET_NAME)";
			};
			name = Release;
		};
/* End XCBuildConfiguration section */

/* Begin XCConfigurationList section */
		BE0F87D31E700B98002E477D /* Build configuration list for PBXProject "Practice1" */ = {
			isa = XCConfigurationList;
			buildConfigurations = (
				BE0F87ED1E700B98002E477D /* Debug */,
				BE0F87EE1E700B98002E477D /* Release */,
			);
			defaultConfigurationIsVisible = 0;
			defaultConfigurationName = Release;
		};
		BE0F87EF1E700B98002E477D /* Build configuration list for PBXNativeTarget "Practice1" */ = {
			isa = XCConfigurationList;
			buildConfigurations = (
				BE0F87F01E700B98002E477D /* Debug */,
				BE0F87F11E700B98002E477D /* Release */,
			);
			defaultConfigurationIsVisible = 0;
			defaultConfigurationName = Release;
		};
/* End XCConfigurationList section */
	};
	rootObject = BE0F87D01E700B98002E477D /* Project object */;
}
